<?xml version="1.0" encoding="utf-8"?>
<Project ToolsVersion="4.0" xmlns="http://schemas.microsoft.com/developer/msbuild/2003">
  <ItemGroup>
    <Filter Include="Source Files">
      <UniqueIdentifier>{4FC737F1-C7A5-4376-A066-2A32D752A2FF}</UniqueIdentifier>
      <Extensions>cpp;c;cc;cxx;def;odl;idl;hpj;bat;asm;asmx</Extensions>
    </Filter>
    <Filter Include="Header Files">
      <UniqueIdentifier>{93995380-89BD-4b04-88EB-625FBE52EBFB}</UniqueIdentifier>
      <Extensions>h;hh;hpp;hxx;hm;inl;inc;xsd</Extensions>
    </Filter>
    <Filter Include="Resource Files">
      <UniqueIdentifier>{67DA6AB6-F800-4c08-8B7A-83BB121AAD01}</UniqueIdentifier>
      <Extensions>rc;ico;cur;bmp;dlg;rc2;rct;bin;rgs;gif;jpg;jpeg;jpe;resx;tiff;tif;png;wav;mfcribbon-ms</Extensions>
    </Filter>
    <Filter Include="CodecCore">
      <UniqueIdentifier>{928e7316-7255-4af4-adee-574aa5a94253}</UniqueIdentifier>
    </Filter>
    <Filter Include="RenderCore">
      <UniqueIdentifier>{8e474744-1245-4454-93ad-a8122a97c14d}</UniqueIdentifier>
    </Filter>
  </ItemGroup>
  <ItemGroup>
    <ClCompile Include="..\..\Source\dllmain.cpp">
      <Filter>Source Files</Filter>
    </ClCompile>
    <ClCompile Include="..\..\Source\MEKCodec.cpp">
      <Filter>Source Files</Filter>
    </ClCompile>
    <ClCompile Include="..\..\Source\stdafx.cpp">
      <Filter>Source Files</Filter>
    </ClCompile>
    <ClCompile Include="..\..\Source\MEKPlayer.cpp">
      <Filter>CodecCore</Filter>
    </ClCompile>
    <ClCompile Include="..\..\Source\MEKQueue.cpp">
      <Filter>CodecCore</Filter>
    </ClCompile>
    <ClCompile Include="..\..\Source\MEKSpliter.cpp">
      <Filter>CodecCore</Filter>
    </ClCompile>
    <ClCompile Include="..\..\Source\MEKDecoder.cpp">
      <Filter>CodecCore</Filter>
    </ClCompile>
    <ClCompile Include="..\..\Source\MEKRender.cpp">
      <Filter>CodecCore</Filter>
    </ClCompile>
<<<<<<< HEAD
    <ClCompile Include="..\..\Source\RE_VertexShader.cpp">
      <Filter>RenderCore</Filter>
    </ClCompile>
    <ClCompile Include="..\..\Source\RE_Texture2D.cpp">
      <Filter>RenderCore</Filter>
    </ClCompile>
    <ClCompile Include="..\..\Source\RE_RenderDevice11.cpp">
      <Filter>RenderCore</Filter>
    </ClCompile>
    <ClCompile Include="..\..\Source\RE_PixelShader.cpp">
      <Filter>RenderCore</Filter>
    </ClCompile>
=======
>>>>>>> b22f8a189a2ab8ef855b339c2f2e8419fcfb1eaf
  </ItemGroup>
  <ItemGroup>
    <ClInclude Include="..\..\Source\MEKCodec.h">
      <Filter>Header Files</Filter>
    </ClInclude>
    <ClInclude Include="..\..\Source\MEKIncludeDef.h">
      <Filter>Header Files</Filter>
    </ClInclude>
    <ClInclude Include="..\..\Source\stdafx.h">
      <Filter>Header Files</Filter>
    </ClInclude>
    <ClInclude Include="..\..\Source\targetver.h">
      <Filter>Header Files</Filter>
    </ClInclude>
    <ClInclude Include="resource.h">
      <Filter>Header Files</Filter>
    </ClInclude>
    <ClInclude Include="..\..\Source\MEKQueue.h">
      <Filter>CodecCore</Filter>
    </ClInclude>
    <ClInclude Include="..\..\Source\MEKPlayer.h">
      <Filter>CodecCore</Filter>
    </ClInclude>
    <ClInclude Include="..\..\Source\Singleton.h">
      <Filter>CodecCore</Filter>
    </ClInclude>
    <ClInclude Include="..\..\Source\MEKSpliter.h">
      <Filter>CodecCore</Filter>
    </ClInclude>
    <ClInclude Include="..\..\Source\MEKDecoder.h">
      <Filter>CodecCore</Filter>
    </ClInclude>
    <ClInclude Include="..\..\Source\MEKRender.h">
      <Filter>CodecCore</Filter>
    </ClInclude>
<<<<<<< HEAD
    <ClInclude Include="..\..\Source\RE_VertexShader.h">
      <Filter>RenderCore</Filter>
    </ClInclude>
    <ClInclude Include="..\..\Source\RE_VertexBuffer.h">
      <Filter>RenderCore</Filter>
    </ClInclude>
    <ClInclude Include="..\..\Source\RE_Vector3.h">
      <Filter>RenderCore</Filter>
    </ClInclude>
    <ClInclude Include="..\..\Source\RE_Vector2.h">
      <Filter>RenderCore</Filter>
    </ClInclude>
    <ClInclude Include="..\..\Source\RE_Texture2D.h">
      <Filter>RenderCore</Filter>
    </ClInclude>
    <ClInclude Include="..\..\Source\RE_Texture.h">
      <Filter>RenderCore</Filter>
    </ClInclude>
    <ClInclude Include="..\..\Source\RE_String.h">
      <Filter>RenderCore</Filter>
    </ClInclude>
    <ClInclude Include="..\..\Source\RE_Shader.h">
      <Filter>RenderCore</Filter>
    </ClInclude>
    <ClInclude Include="..\..\Source\RE_RenderDevice11.h">
      <Filter>RenderCore</Filter>
    </ClInclude>
    <ClInclude Include="..\..\Source\RE_RenderDevice.h">
      <Filter>RenderCore</Filter>
    </ClInclude>
    <ClInclude Include="..\..\Source\RE_PixelShader.h">
      <Filter>RenderCore</Filter>
    </ClInclude>
    <ClInclude Include="..\..\Source\RE_Log.h">
      <Filter>RenderCore</Filter>
    </ClInclude>
    <ClInclude Include="..\..\Source\RE_IndexBuffer.h">
      <Filter>RenderCore</Filter>
    </ClInclude>
    <ClInclude Include="..\..\Source\RE_Declare.h">
      <Filter>RenderCore</Filter>
    </ClInclude>
    <ClInclude Include="..\..\Source\RE_ConstantBuffer.h">
      <Filter>RenderCore</Filter>
    </ClInclude>
    <ClInclude Include="..\..\Source\RE_Buffer.h">
      <Filter>RenderCore</Filter>
    </ClInclude>
=======
>>>>>>> b22f8a189a2ab8ef855b339c2f2e8419fcfb1eaf
  </ItemGroup>
  <ItemGroup>
    <ResourceCompile Include="MEKCodec.rc">
      <Filter>Resource Files</Filter>
    </ResourceCompile>
  </ItemGroup>
</Project>